Microsoft Visual Studio Solution File, Format Version 11.00
# Visual Studio 2008

Project("{4C0DC239-9EA4-30FF-570E-3D6A34C04326}") = "JoyfulPrototype", "Assembly-CSharp-vs.csproj", "{AC88590A-AA5B-668C-1207-95F83FA2839A}"
EndProject
Project("{4C0DC239-9EA4-30FF-570E-3D6A34C04326}") = "JoyfulPrototype", "Assembly-CSharp-Editor-vs.csproj", "{36CC2E10-8131-B787-0847-B2DBE7A24C31}"
EndProject
Global
	GlobalSection(SolutionConfigurationPlatforms) = preSolution
		Debug|Any CPU = Debug|Any CPU
		Release|Any CPU = Release|Any CPU
	EndGlobalSection
	GlobalSection(ProjectConfigurationPlatforms) = postSolution
		{AC88590A-AA5B-668C-1207-95F83FA2839A}.Debug|Any CPU.ActiveCfg = Debug|Any CPU
		{AC88590A-AA5B-668C-1207-95F83FA2839A}.Debug|Any CPU.Build.0 = Debug|Any CPU
		{AC88590A-AA5B-668C-1207-95F83FA2839A}.Release|Any CPU.ActiveCfg = Release|Any CPU
		{AC88590A-AA5B-668C-1207-95F83FA2839A}.Release|Any CPU.Build.0 = Release|Any CPU
		{36CC2E10-8131-B787-0847-B2DBE7A24C31}.Debug|Any CPU.ActiveCfg = Debug|Any CPU
		{36CC2E10-8131-B787-0847-B2DBE7A24C31}.Debug|Any CPU.Build.0 = Debug|Any CPU
		{36CC2E10-8131-B787-0847-B2DBE7A24C31}.Release|Any CPU.ActiveCfg = Release|Any CPU
		{36CC2E10-8131-B787-0847-B2DBE7A24C31}.Release|Any CPU.Build.0 = Release|Any CPU
	EndGlobalSection
	GlobalSection(SolutionProperties) = preSolution
		HideSolutionNode = FALSE
	EndGlobalSection
			GlobalSection(MonoDevelopProperties) = preSolution
		StartupItem = Assembly-CSharp.csproj
		Policies = $0
		$0.TextStylePolicy = $1
		$1.inheritsSet = null
		$1.scope = text/x-csharp
		$0.CSharpFormattingPolicy = $2
		$2.inheritsSet = Mono
		$2.inheritsScope = text/x-csharp
		$2.scope = text/x-csharp
		$0.TextStylePolicy = $3
		$3.FileWidth = 120
		$3.TabWidth = 4
		$3.IndentWidth = 4
		$3.EolMarker = Unix
		$3.inheritsSet = Mono
		$3.inheritsScope = text/plain
		$3.scope = text/plain
	EndGlobalSection

EndGlobal
